
Microsoft Visual Studio Solution File, Format Version 12.00
# Visual Studio 2012
Project("{FAE04EC0-301F-11D3-BF4B-00C04F79EFBC}") = "ChinookService", "ChinookService\ChinookService.csproj", "{4EAB04A3-03A6-4247-BD81-D14EBAEDEDF1}"
EndProject
Project("{FAE04EC0-301F-11D3-BF4B-00C04F79EFBC}") = "JayDataClient", "JayDataClient\JayDataClient.csproj", "{CBB1D916-4D44-4E3B-9C44-F481C60B4483}"
EndProject
Project("{FAE04EC0-301F-11D3-BF4B-00C04F79EFBC}") = "BreezeApplication", "BreezeApplication\BreezeApplication.csproj", "{4D9EFB89-C6B2-4287-9A87-75CBDF8F9F7A}"
EndProject
Global
	GlobalSection(SolutionConfigurationPlatforms) = preSolution
		Debug|Any CPU = Debug|Any CPU
		Release|Any CPU = Release|Any CPU
	EndGlobalSection
	GlobalSection(ProjectConfigurationPlatforms) = postSolution
		{4EAB04A3-03A6-4247-BD81-D14EBAEDEDF1}.Debug|Any CPU.ActiveCfg = Debug|Any CPU
		{4EAB04A3-03A6-4247-BD81-D14EBAEDEDF1}.Debug|Any CPU.Build.0 = Debug|Any CPU
		{4EAB04A3-03A6-4247-BD81-D14EBAEDEDF1}.Release|Any CPU.ActiveCfg = Release|Any CPU
		{4EAB04A3-03A6-4247-BD81-D14EBAEDEDF1}.Release|Any CPU.Build.0 = Release|Any CPU
		{CBB1D916-4D44-4E3B-9C44-F481C60B4483}.Debug|Any CPU.ActiveCfg = Debug|Any CPU
		{CBB1D916-4D44-4E3B-9C44-F481C60B4483}.Debug|Any CPU.Build.0 = Debug|Any CPU
		{CBB1D916-4D44-4E3B-9C44-F481C60B4483}.Release|Any CPU.ActiveCfg = Release|Any CPU
		{CBB1D916-4D44-4E3B-9C44-F481C60B4483}.Release|Any CPU.Build.0 = Release|Any CPU
		{4D9EFB89-C6B2-4287-9A87-75CBDF8F9F7A}.Debug|Any CPU.ActiveCfg = Debug|Any CPU
		{4D9EFB89-C6B2-4287-9A87-75CBDF8F9F7A}.Debug|Any CPU.Build.0 = Debug|Any CPU
		{4D9EFB89-C6B2-4287-9A87-75CBDF8F9F7A}.Release|Any CPU.ActiveCfg = Release|Any CPU
		{4D9EFB89-C6B2-4287-9A87-75CBDF8F9F7A}.Release|Any CPU.Build.0 = Release|Any CPU
	EndGlobalSection
	GlobalSection(SolutionProperties) = preSolution
		HideSolutionNode = FALSE
	EndGlobalSection
EndGlobal
